
Microsoft Visual Studio Solution File, Format Version 12.00
# Visual Studio Version 17
VisualStudioVersion = 17.14.36310.24 d17.14
MinimumVisualStudioVersion = 10.0.40219.1
Project("{FAE04EC0-301F-11D3-BF4B-00C04F79EFBC}") = "MuseumSort", "MuseumSort\MuseumSort.csproj", "{0117A088-2C47-4185-B476-40E191186C20}"
EndProject
Global
	GlobalSection(SolutionConfigurationPlatforms) = preSolution
		Debug|Any CPU = Debug|Any CPU
		Release|Any CPU = Release|Any CPU
	EndGlobalSection
	GlobalSection(ProjectConfigurationPlatforms) = postSolution
		{0117A088-2C47-4185-B476-40E191186C20}.Debug|Any CPU.ActiveCfg = Debug|Any CPU
		{0117A088-2C47-4185-B476-40E191186C20}.Debug|Any CPU.Build.0 = Debug|Any CPU
		{0117A088-2C47-4185-B476-40E191186C20}.Release|Any CPU.ActiveCfg = Release|Any CPU
		{0117A088-2C47-4185-B476-40E191186C20}.Release|Any CPU.Build.0 = Release|Any CPU
	EndGlobalSection
	GlobalSection(SolutionProperties) = preSolution
		HideSolutionNode = FALSE
	EndGlobalSection
	GlobalSection(ExtensibilityGlobals) = postSolution
		SolutionGuid = {01A8E0EB-3380-436A-B96C-CF1FABF9B699}
	EndGlobalSection
EndGlobal
